// !$*UTF8*$!
{
	archiveVersion = 1;
	classes = {
	};
	objectVersion = 46;
	objects = {

/* Begin PBXBuildFile section */
		422EE9F51DF8F5D5009FA608 /* main.m in Sources */ = {isa = PBXBuildFile; fileRef = 422EE9F41DF8F5D5009FA608 /* main.m */; };
		422EE9F81DF8F5D5009FA608 /* AppDelegate.m in Sources */ = {isa = PBXBuildFile; fileRef = 422EE9F71DF8F5D5009FA608 /* AppDelegate.m */; };
		422EE9FB1DF8F5D5009FA608 /* ViewController.m in Sources */ = {isa = PBXBuildFile; fileRef = 422EE9FA1DF8F5D5009FA608 /* ViewController.m */; };
		422EE9FE1DF8F5D5009FA608 /* Main.storyboard in Resources */ = {isa = PBXBuildFile; fileRef = 422EE9FC1DF8F5D5009FA608 /* Main.storyboard */; };
		422EEA001DF8F5D5009FA608 /* Assets.xcassets in Resources */ = {isa = PBXBuildFile; fileRef = 422EE9FF1DF8F5D5009FA608 /* Assets.xcassets */; };
		422EEA031DF8F5D5009FA608 /* LaunchScreen.storyboard in Resources */ = {isa = PBXBuildFile; fileRef = 422EEA011DF8F5D5009FA608 /* LaunchScreen.storyboard */; };
		422EEA0E1DF8F5D5009FA608 /* WeexDemoTests.m in Sources */ = {isa = PBXBuildFile; fileRef = 422EEA0D1DF8F5D5009FA608 /* WeexDemoTests.m */; };
		422EEA191DF8F5D5009FA608 /* WeexDemoUITests.m in Sources */ = {isa = PBXBuildFile; fileRef = 422EEA181DF8F5D5009FA608 /* WeexDemoUITests.m */; };
/* End PBXBuildFile section */

/* Begin PBXContainerItemProxy section */
		422EEA0A1DF8F5D5009FA608 /* PBXContainerItemProxy */ = {
			isa = PBXContainerItemProxy;
			containerPortal = 422EE9E81DF8F5D5009FA608 /* Project object */;
			proxyType = 1;
			remoteGlobalIDString = 422EE9EF1DF8F5D5009FA608;
			remoteInfo = WeexDemo;
		};
		422EEA151DF8F5D5009FA608 /* PBXContainerItemProxy */ = {
			isa = PBXContainerItemProxy;
			containerPortal = 422EE9E81DF8F5D5009FA608 /* Project object */;
			proxyType = 1;
			remoteGlobalIDString = 422EE9EF1DF8F5D5009FA608;
			remoteInfo = WeexDemo;
		};
/* End PBXContainerItemProxy section */

/* Begin PBXFileReference section */
		422EE9F01DF8F5D5009FA608 /* WeexDemo.app */ = {isa = PBXFileReference; explicitFileType = wrapper.application; includeInIndex = 0; path = WeexDemo.app; sourceTree = BUILT_PRODUCTS_DIR; };
		422EE9F41DF8F5D5009FA608 /* main.m */ = {isa = PBXFileReference; lastKnownFileType = sourcecode.c.objc; path = main.m; sourceTree = "<group>"; };
		422EE9F61DF8F5D5009FA608 /* AppDelegate.h */ = {isa = PBXFileReference; lastKnownFileType = sourcecode.c.h; path = AppDelegate.h; sourceTree = "<group>"; };
		422EE9F71DF8F5D5009FA608 /* AppDelegate.m */ = {isa = PBXFileReference; lastKnownFileType = sourcecode.c.objc; path = AppDelegate.m; sourceTree = "<group>"; };
		422EE9F91DF8F5D5009FA608 /* ViewController.h */ = {isa = PBXFileReference; lastKnownFileType = sourcecode.c.h; path = ViewController.h; sourceTree = "<group>"; };
		422EE9FA1DF8F5D5009FA608 /* ViewController.m */ = {isa = PBXFileReference; lastKnownFileType = sourcecode.c.objc; path = ViewController.m; sourceTree = "<group>"; };
		422EE9FD1DF8F5D5009FA608 /* Base */ = {isa = PBXFileReference; lastKnownFileType = file.storyboard; name = Base; path = Base.lproj/Main.storyboard; sourceTree = "<group>"; };
		422EE9FF1DF8F5D5009FA608 /* Assets.xcassets */ = {isa = PBXFileReference; lastKnownFileType = folder.assetcatalog; path = Assets.xcassets; sourceTree = "<group>"; };
		422EEA021DF8F5D5009FA608 /* Base */ = {isa = PBXFileReference; lastKnownFileType = file.storyboard; name = Base; path = Base.lproj/LaunchScreen.storyboard; sourceTree = "<group>"; };
		422EEA041DF8F5D5009FA608 /* Info.plist */ = {isa = PBXFileReference; lastKnownFileType = text.plist.xml; path = Info.plist; sourceTree = "<group>"; };
		422EEA091DF8F5D5009FA608 /* WeexDemoTests.xctest */ = {isa = PBXFileReference; explicitFileType = wrapper.cfbundle; includeInIndex = 0; path = WeexDemoTests.xctest; sourceTree = BUILT_PRODUCTS_DIR; };
		422EEA0D1DF8F5D5009FA608 /* WeexDemoTests.m */ = {isa = PBXFileReference; lastKnownFileType = sourcecode.c.objc; path = WeexDemoTests.m; sourceTree = "<group>"; };
		422EEA0F1DF8F5D5009FA608 /* Info.plist */ = {isa = PBXFileReference; lastKnownFileType = text.plist.xml; path = Info.plist; sourceTree = "<group>"; };
		422EEA141DF8F5D5009FA608 /* WeexDemoUITests.xctest */ = {isa = PBXFileReference; explicitFileType = wrapper.cfbundle; includeInIndex = 0; path = WeexDemoUITests.xctest; sourceTree = BUILT_PRODUCTS_DIR; };
		422EEA181DF8F5D5009FA608 /* WeexDemoUITests.m */ = {isa = PBXFileReference; lastKnownFileType = sourcecode.c.objc; path = WeexDemoUITests.m; sourceTree = "<group>"; };
		422EEA1A1DF8F5D5009FA608 /* Info.plist */ = {isa = PBXFileReference; lastKnownFileType = text.plist.xml; path = Info.plist; sourceTree = "<group>"; };
/* End PBXFileReference section */

/* Begin PBXFrameworksBuildPhase section */
		422EE9ED1DF8F5D5009FA608 /* Frameworks */ = {
			isa = PBXFrameworksBuildPhase;
			buildActionMask = 2147483647;
			files = (
			);
			runOnlyForDeploymentPostprocessing = 0;
		};
		422EEA061DF8F5D5009FA608 /* Frameworks */ = {
			isa = PBXFrameworksBuildPhase;
			buildActionMask = 2147483647;
			files = (
			);
			runOnlyForDeploymentPostprocessing = 0;
		};
		422EEA111DF8F5D5009FA608 /* Frameworks */ = {
			isa = PBXFrameworksBuildPhase;
			buildActionMask = 2147483647;
			files = (
			);
			runOnlyForDeploymentPostprocessing = 0;
		};
/* End PBXFrameworksBuildPhase section */

/* Begin PBXGroup section */
		422EE9E71DF8F5D5009FA608 = {
			isa = PBXGroup;
			children = (
				422EE9F21DF8F5D5009FA608 /* WeexDemo */,
				422EEA0C1DF8F5D5009FA608 /* WeexDemoTests */,
				422EEA171DF8F5D5009FA608 /* WeexDemoUITests */,
				422EE9F11DF8F5D5009FA608 /* Products */,
			);
			sourceTree = "<group>";
		};
		422EE9F11DF8F5D5009FA608 /* Products */ = {
			isa = PBXGroup;
			children = (
				422EE9F01DF8F5D5009FA608 /* WeexDemo.app */,
				422EEA091DF8F5D5009FA608 /* WeexDemoTests.xctest */,
				422EEA141DF8F5D5009FA608 /* WeexDemoUITests.xctest */,
			);
			name = Products;
			sourceTree = "<group>";
		};
		422EE9F21DF8F5D5009FA608 /* WeexDemo */ = {
			isa = PBXGroup;
			children = (
				422EE9F61DF8F5D5009FA608 /* AppDelegate.h */,
				422EE9F71DF8F5D5009FA608 /* AppDelegate.m */,
				422EE9F91DF8F5D5009FA608 /* ViewController.h */,
				422EE9FA1DF8F5D5009FA608 /* ViewController.m */,
				422EE9FC1DF8F5D5009FA608 /* Main.storyboard */,
				422EE9FF1DF8F5D5009FA608 /* Assets.xcassets */,
				422EEA011DF8F5D5009FA608 /* LaunchScreen.storyboard */,
				422EEA041DF8F5D5009FA608 /* Info.plist */,
				422EE9F31DF8F5D5009FA608 /* Supporting Files */,
			);
			path = WeexDemo;
			sourceTree = "<group>";
		};
		422EE9F31DF8F5D5009FA608 /* Supporting Files */ = {
			isa = PBXGroup;
			children = (
				422EE9F41DF8F5D5009FA608 /* main.m */,
			);
			name = "Supporting Files";
			sourceTree = "<group>";
		};
		422EEA0C1DF8F5D5009FA608 /* WeexDemoTests */ = {
			isa = PBXGroup;
			children = (
				422EEA0D1DF8F5D5009FA608 /* WeexDemoTests.m */,
				422EEA0F1DF8F5D5009FA608 /* Info.plist */,
			);
			path = WeexDemoTests;
			sourceTree = "<group>";
		};
		422EEA171DF8F5D5009FA608 /* WeexDemoUITests */ = {
			isa = PBXGroup;
			children = (
				422EEA181DF8F5D5009FA608 /* WeexDemoUITests.m */,
				422EEA1A1DF8F5D5009FA608 /* Info.plist */,
			);
			path = WeexDemoUITests;
			sourceTree = "<group>";
		};
/* End PBXGroup section */

/* Begin PBXNativeTarget section */
		422EE9EF1DF8F5D5009FA608 /* WeexDemo */ = {
			isa = PBXNativeTarget;
			buildConfigurationList = 422EEA1D1DF8F5D5009FA608 /* Build configuration list for PBXNativeTarget "WeexDemo" */;
			buildPhases = (
				422EE9EC1DF8F5D5009FA608 /* Sources */,
				422EE9ED1DF8F5D5009FA608 /* Frameworks */,
				422EE9EE1DF8F5D5009FA608 /* Resources */,
			);
			buildRules = (
			);
			dependencies = (
			);
			name = WeexDemo;
			productName = WeexDemo;
			productReference = 422EE9F01DF8F5D5009FA608 /* WeexDemo.app */;
			productType = "com.apple.product-type.application";
		};
		422EEA081DF8F5D5009FA608 /* WeexDemoTests */ = {
			isa = PBXNativeTarget;
			buildConfigurationList = 422EEA201DF8F5D5009FA608 /* Build configuration list for PBXNativeTarget "WeexDemoTests" */;
			buildPhases = (
				422EEA051DF8F5D5009FA608 /* Sources */,
				422EEA061DF8F5D5009FA608 /* Frameworks */,
				422EEA071DF8F5D5009FA608 /* Resources */,
			);
			buildRules = (
			);
			dependencies = (
				422EEA0B1DF8F5D5009FA608 /* PBXTargetDependency */,
			);
			name = WeexDemoTests;
			productName = WeexDemoTests;
			productReference = 422EEA091DF8F5D5009FA608 /* WeexDemoTests.xctest */;
			productType = "com.apple.product-type.bundle.unit-test";
		};
		422EEA131DF8F5D5009FA608 /* WeexDemoUITests */ = {
			isa = PBXNativeTarget;
			buildConfigurationList = 422EEA231DF8F5D5009FA608 /* Build configuration list for PBXNativeTarget "WeexDemoUITests" */;
			buildPhases = (
				422EEA101DF8F5D5009FA608 /* Sources */,
				422EEA111DF8F5D5009FA608 /* Frameworks */,
				422EEA121DF8F5D5009FA608 /* Resources */,
			);
			buildRules = (
			);
			dependencies = (
				422EEA161DF8F5D5009FA608 /* PBXTargetDependency */,
			);
			name = WeexDemoUITests;
			productName = WeexDemoUITests;
			productReference = 422EEA141DF8F5D5009FA608 /* WeexDemoUITests.xctest */;
			productType = "com.apple.product-type.bundle.ui-testing";
		};
/* End PBXNativeTarget section */

/* Begin PBXProject section */
		422EE9E81DF8F5D5009FA608 /* Project object */ = {
			isa = PBXProject;
			attributes = {
				LastUpgradeCheck = 0810;
				ORGANIZATIONNAME = lwl;
				TargetAttributes = {
					422EE9EF1DF8F5D5009FA608 = {
						CreatedOnToolsVersion = 8.1;
						DevelopmentTeam = TLT6884JZ8;
						ProvisioningStyle = Automatic;
					};
					422EEA081DF8F5D5009FA608 = {
						CreatedOnToolsVersion = 8.1;
						DevelopmentTeam = TLT6884JZ8;
						ProvisioningStyle = Automatic;
						TestTargetID = 422EE9EF1DF8F5D5009FA608;
					};
					422EEA131DF8F5D5009FA608 = {
						CreatedOnToolsVersion = 8.1;
						DevelopmentTeam = TLT6884JZ8;
						ProvisioningStyle = Automatic;
						TestTargetID = 422EE9EF1DF8F5D5009FA608;
					};
				};
			};
			buildConfigurationList = 422EE9EB1DF8F5D5009FA608 /* Build configuration list for PBXProject "WeexDemo" */;
			compatibilityVersion = "Xcode 3.2";
			developmentRegion = English;
			hasScannedForEncodings = 0;
			knownRegions = (
				en,
				Base,
			);
			mainGroup = 422EE9E71DF8F5D5009FA608;
			productRefGroup = 422EE9F11DF8F5D5009FA608 /* Products */;
			projectDirPath = "";
			projectRoot = "";
			targets = (
				422EE9EF1DF8F5D5009FA608 /* WeexDemo */,
				422EEA081DF8F5D5009FA608 /* WeexDemoTests */,
				422EEA131DF8F5D5009FA608 /* WeexDemoUITests */,
			);
		};
/* End PBXProject section */

/* Begin PBXResourcesBuildPhase section */
		422EE9EE1DF8F5D5009FA608 /* Resources */ = {
			isa = PBXResourcesBuildPhase;
			buildActionMask = 2147483647;
			files = (
				422EEA031DF8F5D5009FA608 /* LaunchScreen.storyboard in Resources */,
				422EEA001DF8F5D5009FA608 /* Assets.xcassets in Resources */,
				422EE9FE1DF8F5D5009FA608 /* Main.storyboard in Resources */,
			);
			runOnlyForDeploymentPostprocessing = 0;
		};
		422EEA071DF8F5D5009FA608 /* Resources */ = {
			isa = PBXResourcesBuildPhase;
			buildActionMask = 2147483647;
			files = (
			);
			runOnlyForDeploymentPostprocessing = 0;
		};
		422EEA121DF8F5D5009FA608 /* Resources */ = {
			isa = PBXResourcesBuildPhase;
			buildActionMask = 2147483647;
			files = (
			);
			runOnlyForDeploymentPostprocessing = 0;
		};
/* End PBXResourcesBuildPhase section */

/* Begin PBXSourcesBuildPhase section */
		422EE9EC1DF8F5D5009FA608 /* Sources */ = {
			isa = PBXSourcesBuildPhase;
			buildActionMask = 2147483647;
			files = (
				422EE9FB1DF8F5D5009FA608 /* ViewController.m in Sources */,
				422EE9F81DF8F5D5009FA608 /* AppDelegate.m in Sources */,
				422EE9F51DF8F5D5009FA608 /* main.m in Sources */,
			);
			runOnlyForDeploymentPostprocessing = 0;
		};
		422EEA051DF8F5D5009FA608 /* Sources */ = {
			isa = PBXSourcesBuildPhase;
			buildActionMask = 2147483647;
			files = (
				422EEA0E1DF8F5D5009FA608 /* WeexDemoTests.m in Sources */,
			);
			runOnlyForDeploymentPostprocessing = 0;
		};
		422EEA101DF8F5D5009FA608 /* Sources */ = {
			isa = PBXSourcesBuildPhase;
			buildActionMask = 2147483647;
			files = (
				422EEA191DF8F5D5009FA608 /* WeexDemoUITests.m in Sources */,
			);
			runOnlyForDeploymentPostprocessing = 0;
		};
/* End PBXSourcesBuildPhase section */

/* Begin PBXTargetDependency section */
		422EEA0B1DF8F5D5009FA608 /* PBXTargetDependency */ = {
			isa = PBXTargetDependency;
			target = 422EE9EF1DF8F5D5009FA608 /* WeexDemo */;
			targetProxy = 422EEA0A1DF8F5D5009FA608 /* PBXContainerItemProxy */;
		};
		422EEA161DF8F5D5009FA608 /* PBXTargetDependency */ = {
			isa = PBXTargetDependency;
			target = 422EE9EF1DF8F5D5009FA608 /* WeexDemo */;
			targetProxy = 422EEA151DF8F5D5009FA608 /* PBXContainerItemProxy */;
		};
/* End PBXTargetDependency section */

/* Begin PBXVariantGroup section */
		422EE9FC1DF8F5D5009FA608 /* Main.storyboard */ = {
			isa = PBXVariantGroup;
			children = (
				422EE9FD1DF8F5D5009FA608 /* Base */,
			);
			name = Main.storyboard;
			sourceTree = "<group>";
		};
		422EEA011DF8F5D5009FA608 /* LaunchScreen.storyboard */ = {
			isa = PBXVariantGroup;
			children = (
				422EEA021DF8F5D5009FA608 /* Base */,
			);
			name = LaunchScreen.storyboard;
			sourceTree = "<group>";
		};
/* End PBXVariantGroup section */

/* Begin XCBuildConfiguration section */
		422EEA1B1DF8F5D5009FA608 /* Debug */ = {
			isa = XCBuildConfiguration;
			buildSettings = {
				ALWAYS_SEARCH_USER_PATHS = NO;
				CLANG_ANALYZER_NONNULL = YES;
				CLANG_CXX_LANGUAGE_STANDARD = "gnu++0x";
				CLANG_CXX_LIBRARY = "libc++";
				CLANG_ENABLE_MODULES = YES;
				CLANG_ENABLE_OBJC_ARC = YES;
				CLANG_WARN_BOOL_CONVERSION = YES;
				CLANG_WARN_CONSTANT_CONVERSION = YES;
				CLANG_WARN_DIRECT_OBJC_ISA_USAGE = YES_ERROR;
				CLANG_WARN_DOCUMENTATION_COMMENTS = YES;
				CLANG_WARN_EMPTY_BODY = YES;
				CLANG_WARN_ENUM_CONVERSION = YES;
				CLANG_WARN_INFINITE_RECURSION = YES;
				CLANG_WARN_INT_CONVERSION = YES;
				CLANG_WARN_OBJC_ROOT_CLASS = YES_ERROR;
				CLANG_WARN_SUSPICIOUS_MOVES = YES;
				CLANG_WARN_UNREACHABLE_CODE = YES;
				CLANG_WARN__DUPLICATE_METHOD_MATCH = YES;
				"CODE_SIGN_IDENTITY[sdk=iphoneos*]" = "iPhone Developer";
				COPY_PHASE_STRIP = NO;
				DEBUG_INFORMATION_FORMAT = dwarf;
				ENABLE_STRICT_OBJC_MSGSEND = YES;
				ENABLE_TESTABILITY = YES;
				GCC_C_LANGUAGE_STANDARD = gnu99;
				GCC_DYNAMIC_NO_PIC = NO;
				GCC_NO_COMMON_BLOCKS = YES;
				GCC_OPTIMIZATION_LEVEL = 0;
				GCC_PREPROCESSOR_DEFINITIONS = (
					"DEBUG=1",
					"$(inherited)",
				);
				GCC_WARN_64_TO_32_BIT_CONVERSION = YES;
				GCC_WARN_ABOUT_RETURN_TYPE = YES_ERROR;
				GCC_WARN_UNDECLARED_SELECTOR = YES;
				GCC_WARN_UNINITIALIZED_AUTOS = YES_AGGRESSIVE;
				GCC_WARN_UNUSED_FUNCTION = YES;
				GCC_WARN_UNUSED_VARIABLE = YES;
				IPHONEOS_DEPLOYMENT_TARGET = 10.1;
				MTL_ENABLE_DEBUG_INFO = YES;
				ONLY_ACTIVE_ARCH = YES;
				SDKROOT = iphoneos;
			};
			name = Debug;
		};
		422EEA1C1DF8F5D5009FA608 /* Release */ = {
			isa = XCBuildConfiguration;
			buildSettings = {
				ALWAYS_SEARCH_USER_PATHS = NO;
				CLANG_ANALYZER_NONNULL = YES;
				CLANG_CXX_LANGUAGE_STANDARD = "gnu++0x";
				CLANG_CXX_LIBRARY = "libc++";
				CLANG_ENABLE_MODULES = YES;
				CLANG_ENABLE_OBJC_ARC = YES;
				CLANG_WARN_BOOL_CONVERSION = YES;
				CLANG_WARN_CONSTANT_CONVERSION = YES;
				CLANG_WARN_DIRECT_OBJC_ISA_USAGE = YES_ERROR;
				CLANG_WARN_DOCUMENTATION_COMMENTS = YES;
				CLANG_WARN_EMPTY_BODY = YES;
				CLANG_WARN_ENUM_CONVERSION = YES;
				CLANG_WARN_INFINITE_RECURSION = YES;
				CLANG_WARN_INT_CONVERSION = YES;
				CLANG_WARN_OBJC_ROOT_CLASS = YES_ERROR;
				CLANG_WARN_SUSPICIOUS_MOVES = YES;
				CLANG_WARN_UNREACHABLE_CODE = YES;
				CLANG_WARN__DUPLICATE_METHOD_MATCH = YES;
				"CODE_SIGN_IDENTITY[sdk=iphoneos*]" = "iPhone Developer";
				COPY_PHASE_STRIP = NO;
				DEBUG_INFORMATION_FORMAT = "dwarf-with-dsym";
				ENABLE_NS_ASSERTIONS = NO;
				ENABLE_STRICT_OBJC_MSGSEND = YES;
				GCC_C_LANGUAGE_STANDARD = gnu99;
				GCC_NO_COMMON_BLOCKS = YES;
				GCC_WARN_64_TO_32_BIT_CONVERSION = YES;
				GCC_WARN_ABOUT_RETURN_TYPE = YES_ERROR;
				GCC_WARN_UNDECLARED_SELECTOR = YES;
				GCC_WARN_UNINITIALIZED_AUTOS = YES_AGGRESSIVE;
				GCC_WARN_UNUSED_FUNCTION = YES;
				GCC_WARN_UNUSED_VARIABLE = YES;
				IPHONEOS_DEPLOYMENT_TARGET = 10.1;
				MTL_ENABLE_DEBUG_INFO = NO;
				SDKROOT = iphoneos;
				VALIDATE_PRODUCT = YES;
			};
			name = Release;
		};
		422EEA1E1DF8F5D5009FA608 /* Debug */ = {
			isa = XCBuildConfiguration;
			buildSettings = {
				ASSETCATALOG_COMPILER_APPICON_NAME = AppIcon;
				DEVELOPMENT_TEAM = TLT6884JZ8;
				INFOPLIST_FILE = WeexDemo/Info.plist;
				LD_RUNPATH_SEARCH_PATHS = "$(inherited) @executable_path/Frameworks";
				PRODUCT_BUNDLE_IDENTIFIER = com.weexdemo.lwl.WeexDemo;
				PRODUCT_NAME = "$(TARGET_NAME)";
			};
			name = Debug;
		};
		422EEA1F1DF8F5D5009FA608 /* Release */ = {
			isa = XCBuildConfiguration;
			buildSettings = {
				ASSETCATALOG_COMPILER_APPICON_NAME = AppIcon;
				DEVELOPMENT_TEAM = TLT6884JZ8;
				INFOPLIST_FILE = WeexDemo/Info.plist;
				LD_RUNPATH_SEARCH_PATHS = "$(inherited) @executable_path/Frameworks";
				PRODUCT_BUNDLE_IDENTIFIER = com.weexdemo.lwl.WeexDemo;
				PRODUCT_NAME = "$(TARGET_NAME)";
			};
			name = Release;
		};
		422EEA211DF8F5D5009FA608 /* Debug */ = {
			isa = XCBuildConfiguration;
			buildSettings = {
				BUNDLE_LOADER = "$(TEST_HOST)";
				DEVELOPMENT_TEAM = TLT6884JZ8;
				INFOPLIST_FILE = WeexDemoTests/Info.plist;
				LD_RUNPATH_SEARCH_PATHS = "$(inherited) @executable_path/Frameworks @loader_path/Frameworks";
				PRODUCT_BUNDLE_IDENTIFIER = com.weexdemo.lwl.WeexDemoTests;
				PRODUCT_NAME = "$(TARGET_NAME)";
				TEST_HOST = "$(BUILT_PRODUCTS_DIR)/WeexDemo.app/WeexDemo";
			};
			name = Debug;
		};
		422EEA221DF8F5D5009FA608 /* Release */ = {
			isa = XCBuildConfiguration;
			buildSettings = {
				BUNDLE_LOADER = "$(TEST_HOST)";
				DEVELOPMENT_TEAM = TLT6884JZ8;
				INFOPLIST_FILE = WeexDemoTests/Info.plist;
				LD_RUNPATH_SEARCH_PATHS = "$(inherited) @executable_path/Frameworks @loader_path/Frameworks";
				PRODUCT_BUNDLE_IDENTIFIER = com.weexdemo.lwl.WeexDemoTests;
				PRODUCT_NAME = "$(TARGET_NAME)";
				TEST_HOST = "$(BUILT_PRODUCTS_DIR)/WeexDemo.app/WeexDemo";
			};
			name = Release;
		};
		422EEA241DF8F5D5009FA608 /* Debug */ = {
			isa = XCBuildConfiguration;
			buildSettings = {
				DEVELOPMENT_TEAM = TLT6884JZ8;
				INFOPLIST_FILE = WeexDemoUITests/Info.plist;
				LD_RUNPATH_SEARCH_PATHS = "$(inherited) @executable_path/Frameworks @loader_path/Frameworks";
				PRODUCT_BUNDLE_IDENTIFIER = com.weexdemo.lwl.WeexDemoUITests;
				PRODUCT_NAME = "$(TARGET_NAME)";
				TEST_TARGET_NAME = WeexDemo;
			};
			name = Debug;
		};
		422EEA251DF8F5D5009FA608 /* Release */ = {
			isa = XCBuildConfiguration;
			buildSettings = {
				DEVELOPMENT_TEAM = TLT6884JZ8;
				INFOPLIST_FILE = WeexDemoUITests/Info.plist;
				LD_RUNPATH_SEARCH_PATHS = "$(inherited) @executable_path/Frameworks @loader_path/Frameworks";
				PRODUCT_BUNDLE_IDENTIFIER = com.weexdemo.lwl.WeexDemoUITests;
				PRODUCT_NAME = "$(TARGET_NAME)";
				TEST_TARGET_NAME = WeexDemo;
			};
			name = Release;
		};
/* End XCBuildConfiguration section */

/* Begin XCConfigurationList section */
		422EE9EB1DF8F5D5009FA608 /* Build configuration list for PBXProject "WeexDemo" */ = {
			isa = XCConfigurationList;
			buildConfigurations = (
				422EEA1B1DF8F5D5009FA608 /* Debug */,
				422EEA1C1DF8F5D5009FA608 /* Release */,
			);
			defaultConfigurationIsVisible = 0;
			defaultConfigurationName = Release;
		};
		422EEA1D1DF8F5D5009FA608 /* Build configuration list for PBXNativeTarget "WeexDemo" */ = {
			isa = XCConfigurationList;
			buildConfigurations = (
				422EEA1E1DF8F5D5009FA608 /* Debug */,
				422EEA1F1DF8F5D5009FA608 /* Release */,
			);
			defaultConfigurationIsVisible = 0;
		};
		422EEA201DF8F5D5009FA608 /* Build configuration list for PBXNativeTarget "WeexDemoTests" */ = {
			isa = XCConfigurationList;
			buildConfigurations = (
				422EEA211DF8F5D5009FA608 /* Debug */,
				422EEA221DF8F5D5009FA608 /* Release */,
			);
			defaultConfigurationIsVisible = 0;
		};
		422EEA231DF8F5D5009FA608 /* Build configuration list for PBXNativeTarget "WeexDemoUITests" */ = {
			isa = XCConfigurationList;
			buildConfigurations = (
				422EEA241DF8F5D5009FA608 /* Debug */,
				422EEA251DF8F5D5009FA608 /* Release */,
			);
			defaultConfigurationIsVisible = 0;
		};
/* End XCConfigurationList section */
	};
	rootObject = 422EE9E81DF8F5D5009FA608 /* Project object */;
}
